
Microsoft Visual Studio Solution File, Format Version 11.00
# Visual Web Developer Express 2010
Project("{FAE04EC0-301F-11D3-BF4B-00C04F79EFBC}") = "Ibags.API", "Ibags.API\Ibags.API.csproj", "{79D4D808-BC6C-4935-8A16-A2642AE84517}"
EndProject
Global
	GlobalSection(SolutionConfigurationPlatforms) = preSolution
		Debug|Any CPU = Debug|Any CPU
		Release|Any CPU = Release|Any CPU
	EndGlobalSectionf
	GlobalSection(ProjectConfigurationPlatforms) = postSolution
		{79D4D808-BC6C-4935-8A16-A2642AE84517}.Debug|Any CPU.ActiveCfg = Debug|Any CPU
		{79D4D808-BC6C-4935-8A16-A2642AE84517}.Debug|Any CPU.Build.0 = Debug|Any CPU
		{79D4D808-BC6C-4935-8A16-A2642AE84517}.Release|Any CPU.ActiveCfg = Release|Any CPU
		{79D4D808-BC6C-4935-8A16-A2642AE84517}.Release|Any CPU.Build.0 = Release|Any CPU
	EndGlobalSection
	GlobalSection(SolutionProperties) = preSolution
		HideSolutionNode = FALSE
	EndGlobalSection
EndGlobal
